{
    "name": "antigravity-atomic-swarms",
    "version": "2.1.2",
    "lockfileVersion": 3,
    "requires": true,
    "packages": {
        "": {
            "name": "antigravity-atomic-swarms",
            "version": "2.1.2",
            "license": "MIT",
            "bin": {
                "antigravity-atomic-swarms": "bin/cli.js"
            }
        }
    }
}
